
Microsoft Visual Studio Solution File, Format Version 12.00
# Visual Studio 2013
VisualStudioVersion = 12.0.21005.1
MinimumVisualStudioVersion = 10.0.40219.1
Project("{FAE04EC0-301F-11D3-BF4B-00C04F79EFBC}") = "ProgramInformationDatabase", "ProgramInformationDatabase\ProgramInformationDatabase.csproj", "{A0A060F5-B4D4-4787-AD24-982AE0EFC2D7}"
EndProject
Project("{FAE04EC0-301F-11D3-BF4B-00C04F79EFBC}") = "ProgramInformationDatabase.Tests", "ProgramInformationDatabase.Tests\ProgramInformationDatabase.Tests.csproj", "{C5AAFC17-BC37-435B-87F8-5CEC25618AFB}"
EndProject
Global
	GlobalSection(SolutionConfigurationPlatforms) = preSolution
		Debug|Any CPU = Debug|Any CPU
		Release|Any CPU = Release|Any CPU
	EndGlobalSection
	GlobalSection(ProjectConfigurationPlatforms) = postSolution
		{A0A060F5-B4D4-4787-AD24-982AE0EFC2D7}.Debug|Any CPU.ActiveCfg = Debug|Any CPU
		{A0A060F5-B4D4-4787-AD24-982AE0EFC2D7}.Debug|Any CPU.Build.0 = Debug|Any CPU
		{A0A060F5-B4D4-4787-AD24-982AE0EFC2D7}.Release|Any CPU.ActiveCfg = Release|Any CPU
		{A0A060F5-B4D4-4787-AD24-982AE0EFC2D7}.Release|Any CPU.Build.0 = Release|Any CPU
		{C5AAFC17-BC37-435B-87F8-5CEC25618AFB}.Debug|Any CPU.ActiveCfg = Debug|Any CPU
		{C5AAFC17-BC37-435B-87F8-5CEC25618AFB}.Debug|Any CPU.Build.0 = Debug|Any CPU
		{C5AAFC17-BC37-435B-87F8-5CEC25618AFB}.Release|Any CPU.ActiveCfg = Release|Any CPU
		{C5AAFC17-BC37-435B-87F8-5CEC25618AFB}.Release|Any CPU.Build.0 = Release|Any CPU
	EndGlobalSection
	GlobalSection(SolutionProperties) = preSolution
		HideSolutionNode = FALSE
	EndGlobalSection
EndGlobal
